// !$*UTF8*$!
{
	archiveVersion = 1;
	classes = {
	};
	objectVersion = 56;
	objects = {

/* Begin PBXBuildFile section */
		E8145E8F2B762E560032EEA1 /* ToDoAppSwiftUIApp.swift in Sources */ = {isa = PBXBuildFile; fileRef = E8145E8E2B762E560032EEA1 /* ToDoAppSwiftUIApp.swift */; };
		E8145E932B762E560032EEA1 /* ItemModel.swift in Sources */ = {isa = PBXBuildFile; fileRef = E8145E922B762E560032EEA1 /* ItemModel.swift */; };
		E8145E952B762E570032EEA1 /* Assets.xcassets in Resources */ = {isa = PBXBuildFile; fileRef = E8145E942B762E570032EEA1 /* Assets.xcassets */; };
		E8145E982B762E580032EEA1 /* Preview Assets.xcassets in Resources */ = {isa = PBXBuildFile; fileRef = E8145E972B762E580032EEA1 /* Preview Assets.xcassets */; };
		E8145EA02B7630D80032EEA1 /* ListView.swift in Sources */ = {isa = PBXBuildFile; fileRef = E8145E9F2B7630D80032EEA1 /* ListView.swift */; };
		E8145EA22B7664910032EEA1 /* ListRowView.swift in Sources */ = {isa = PBXBuildFile; fileRef = E8145EA12B7664910032EEA1 /* ListRowView.swift */; };
		E8145EA52B7682ED0032EEA1 /* Int.swift in Sources */ = {isa = PBXBuildFile; fileRef = E8145EA42B7682ED0032EEA1 /* Int.swift */; };
		E8145EAA2B768CA50032EEA1 /* AddView.swift in Sources */ = {isa = PBXBuildFile; fileRef = E8145EA92B768CA50032EEA1 /* AddView.swift */; };
		E8145EAF2B7A2D380032EEA1 /* NoItemsView.swift in Sources */ = {isa = PBXBuildFile; fileRef = E8145EAE2B7A2D380032EEA1 /* NoItemsView.swift */; };
		E8145EB22B7A3A860032EEA1 /* UIColor.swift in Sources */ = {isa = PBXBuildFile; fileRef = E8145EB12B7A3A860032EEA1 /* UIColor.swift */; };
		E8145EB62B7B73800032EEA1 /* Enums.swift in Sources */ = {isa = PBXBuildFile; fileRef = E8145EB52B7B73800032EEA1 /* Enums.swift */; };
		E87491FC2B86008A00376D4C /* DateFormatter.swift in Sources */ = {isa = PBXBuildFile; fileRef = E87491FB2B86008A00376D4C /* DateFormatter.swift */; };
		E87491FE2B8603FB00376D4C /* PriorityView.swift in Sources */ = {isa = PBXBuildFile; fileRef = E87491FD2B8603FB00376D4C /* PriorityView.swift */; };
		E87492012B87D94200376D4C /* SearchBarView.swift in Sources */ = {isa = PBXBuildFile; fileRef = E87492002B87D94200376D4C /* SearchBarView.swift */; };
		E87492032B87E6AD00376D4C /* SortView.swift in Sources */ = {isa = PBXBuildFile; fileRef = E87492022B87E6AD00376D4C /* SortView.swift */; };
		E87492092B88ABDB00376D4C /* Alignments.swift in Sources */ = {isa = PBXBuildFile; fileRef = E87492082B88ABDB00376D4C /* Alignments.swift */; };
		E874920B2B88AC5C00376D4C /* PriorityButtonView.swift in Sources */ = {isa = PBXBuildFile; fileRef = E874920A2B88AC5C00376D4C /* PriorityButtonView.swift */; };
/* End PBXBuildFile section */

/* Begin PBXFileReference section */
		E8145E8B2B762E560032EEA1 /* ToDoAppSwiftUI.app */ = {isa = PBXFileReference; explicitFileType = wrapper.application; includeInIndex = 0; path = ToDoAppSwiftUI.app; sourceTree = BUILT_PRODUCTS_DIR; };
		E8145E8E2B762E560032EEA1 /* ToDoAppSwiftUIApp.swift */ = {isa = PBXFileReference; lastKnownFileType = sourcecode.swift; path = ToDoAppSwiftUIApp.swift; sourceTree = "<group>"; };
		E8145E922B762E560032EEA1 /* ItemModel.swift */ = {isa = PBXFileReference; lastKnownFileType = sourcecode.swift; path = ItemModel.swift; sourceTree = "<group>"; };
		E8145E942B762E570032EEA1 /* Assets.xcassets */ = {isa = PBXFileReference; lastKnownFileType = folder.assetcatalog; path = Assets.xcassets; sourceTree = "<group>"; };
		E8145E972B762E580032EEA1 /* Preview Assets.xcassets */ = {isa = PBXFileReference; lastKnownFileType = folder.assetcatalog; path = "Preview Assets.xcassets"; sourceTree = "<group>"; };
		E8145E9F2B7630D80032EEA1 /* ListView.swift */ = {isa = PBXFileReference; lastKnownFileType = sourcecode.swift; path = ListView.swift; sourceTree = "<group>"; };
		E8145EA12B7664910032EEA1 /* ListRowView.swift */ = {isa = PBXFileReference; lastKnownFileType = sourcecode.swift; path = ListRowView.swift; sourceTree = "<group>"; };
		E8145EA42B7682ED0032EEA1 /* Int.swift */ = {isa = PBXFileReference; lastKnownFileType = sourcecode.swift; path = Int.swift; sourceTree = "<group>"; };
		E8145EA92B768CA50032EEA1 /* AddView.swift */ = {isa = PBXFileReference; lastKnownFileType = sourcecode.swift; path = AddView.swift; sourceTree = "<group>"; };
		E8145EAE2B7A2D380032EEA1 /* NoItemsView.swift */ = {isa = PBXFileReference; lastKnownFileType = sourcecode.swift; path = NoItemsView.swift; sourceTree = "<group>"; };
		E8145EB12B7A3A860032EEA1 /* UIColor.swift */ = {isa = PBXFileReference; lastKnownFileType = sourcecode.swift; path = UIColor.swift; sourceTree = "<group>"; };
		E8145EB52B7B73800032EEA1 /* Enums.swift */ = {isa = PBXFileReference; lastKnownFileType = sourcecode.swift; path = Enums.swift; sourceTree = "<group>"; };
		E87491FB2B86008A00376D4C /* DateFormatter.swift */ = {isa = PBXFileReference; lastKnownFileType = sourcecode.swift; path = DateFormatter.swift; sourceTree = "<group>"; };
		E87491FD2B8603FB00376D4C /* PriorityView.swift */ = {isa = PBXFileReference; lastKnownFileType = sourcecode.swift; path = PriorityView.swift; sourceTree = "<group>"; };
		E87492002B87D94200376D4C /* SearchBarView.swift */ = {isa = PBXFileReference; lastKnownFileType = sourcecode.swift; path = SearchBarView.swift; sourceTree = "<group>"; };
		E87492022B87E6AD00376D4C /* SortView.swift */ = {isa = PBXFileReference; lastKnownFileType = sourcecode.swift; path = SortView.swift; sourceTree = "<group>"; };
		E87492082B88ABDB00376D4C /* Alignments.swift */ = {isa = PBXFileReference; lastKnownFileType = sourcecode.swift; path = Alignments.swift; sourceTree = "<group>"; };
		E874920A2B88AC5C00376D4C /* PriorityButtonView.swift */ = {isa = PBXFileReference; lastKnownFileType = sourcecode.swift; path = PriorityButtonView.swift; sourceTree = "<group>"; };
/* End PBXFileReference section */

/* Begin PBXFrameworksBuildPhase section */
		E8145E882B762E560032EEA1 /* Frameworks */ = {
			isa = PBXFrameworksBuildPhase;
			buildActionMask = 2147483647;
			files = (
			);
			runOnlyForDeploymentPostprocessing = 0;
		};
/* End PBXFrameworksBuildPhase section */

/* Begin PBXGroup section */
		E8145E822B762E560032EEA1 = {
			isa = PBXGroup;
			children = (
				E8145E8D2B762E560032EEA1 /* ToDoAppSwiftUI */,
				E8145E8C2B762E560032EEA1 /* Products */,
			);
			sourceTree = "<group>";
		};
		E8145E8C2B762E560032EEA1 /* Products */ = {
			isa = PBXGroup;
			children = (
				E8145E8B2B762E560032EEA1 /* ToDoAppSwiftUI.app */,
			);
			name = Products;
			sourceTree = "<group>";
		};
		E8145E8D2B762E560032EEA1 /* ToDoAppSwiftUI */ = {
			isa = PBXGroup;
			children = (
				E8145EA82B768C7D0032EEA1 /* Base */,
				E8145EA32B7682DA0032EEA1 /* Extensions */,
				E8145EA72B768C6C0032EEA1 /* Models */,
				E8145EB32B7B73590032EEA1 /* Utils */,
				E8145E9E2B7630CE0032EEA1 /* Views */,
				E8145E962B762E580032EEA1 /* Preview Content */,
			);
			path = ToDoAppSwiftUI;
			sourceTree = "<group>";
		};
		E8145E962B762E580032EEA1 /* Preview Content */ = {
			isa = PBXGroup;
			children = (
				E8145E972B762E580032EEA1 /* Preview Assets.xcassets */,
			);
			path = "Preview Content";
			sourceTree = "<group>";
		};
		E8145E9E2B7630CE0032EEA1 /* Views */ = {
			isa = PBXGroup;
			children = (
				E8145E9F2B7630D80032EEA1 /* ListView.swift */,
				E8145EA12B7664910032EEA1 /* ListRowView.swift */,
				E8145EA92B768CA50032EEA1 /* AddView.swift */,
				E8145EAE2B7A2D380032EEA1 /* NoItemsView.swift */,
				E87491FD2B8603FB00376D4C /* PriorityView.swift */,
				E87492002B87D94200376D4C /* SearchBarView.swift */,
				E87492022B87E6AD00376D4C /* SortView.swift */,
				E874920A2B88AC5C00376D4C /* PriorityButtonView.swift */,
			);
			path = Views;
			sourceTree = "<group>";
		};
		E8145EA32B7682DA0032EEA1 /* Extensions */ = {
			isa = PBXGroup;
			children = (
				E87491FF2B862D1000376D4C /* Foundations */,
				E8145EB02B7A3A750032EEA1 /* UI */,
				E8145EA62B7683F10032EEA1 /* PrimitiveTypes */,
			);
			path = Extensions;
			sourceTree = "<group>";
		};
		E8145EA62B7683F10032EEA1 /* PrimitiveTypes */ = {
			isa = PBXGroup;
			children = (
				E8145EA42B7682ED0032EEA1 /* Int.swift */,
			);
			path = PrimitiveTypes;
			sourceTree = "<group>";
		};
		E8145EA72B768C6C0032EEA1 /* Models */ = {
			isa = PBXGroup;
			children = (
				E8145E922B762E560032EEA1 /* ItemModel.swift */,
			);
			path = Models;
			sourceTree = "<group>";
		};
		E8145EA82B768C7D0032EEA1 /* Base */ = {
			isa = PBXGroup;
			children = (
				E8145E942B762E570032EEA1 /* Assets.xcassets */,
				E8145E8E2B762E560032EEA1 /* ToDoAppSwiftUIApp.swift */,
			);
			path = Base;
			sourceTree = "<group>";
		};
		E8145EB02B7A3A750032EEA1 /* UI */ = {
			isa = PBXGroup;
			children = (
				E8145EB12B7A3A860032EEA1 /* UIColor.swift */,
			);
			path = UI;
			sourceTree = "<group>";
		};
		E8145EB32B7B73590032EEA1 /* Utils */ = {
			isa = PBXGroup;
			children = (
				E8145EB52B7B73800032EEA1 /* Enums.swift */,
			);
			path = Utils;
			sourceTree = "<group>";
		};
		E87491FF2B862D1000376D4C /* Foundations */ = {
			isa = PBXGroup;
			children = (
				E87491FB2B86008A00376D4C /* DateFormatter.swift */,
				E87492082B88ABDB00376D4C /* Alignments.swift */,
			);
			path = Foundations;
			sourceTree = "<group>";
		};
/* End PBXGroup section */

/* Begin PBXNativeTarget section */
		E8145E8A2B762E560032EEA1 /* ToDoAppSwiftUI */ = {
			isa = PBXNativeTarget;
			buildConfigurationList = E8145E9B2B762E580032EEA1 /* Build configuration list for PBXNativeTarget "ToDoAppSwiftUI" */;
			buildPhases = (
				E8145E872B762E560032EEA1 /* Sources */,
				E8145E882B762E560032EEA1 /* Frameworks */,
				E8145E892B762E560032EEA1 /* Resources */,
			);
			buildRules = (
			);
			dependencies = (
			);
			name = ToDoAppSwiftUI;
			productName = ToDoAppSwiftUI;
			productReference = E8145E8B2B762E560032EEA1 /* ToDoAppSwiftUI.app */;
			productType = "com.apple.product-type.application";
		};
/* End PBXNativeTarget section */

/* Begin PBXProject section */
		E8145E832B762E560032EEA1 /* Project object */ = {
			isa = PBXProject;
			attributes = {
				BuildIndependentTargetsInParallel = 1;
				LastSwiftUpdateCheck = 1500;
				LastUpgradeCheck = 1500;
				TargetAttributes = {
					E8145E8A2B762E560032EEA1 = {
						CreatedOnToolsVersion = 15.0;
					};
				};
			};
			buildConfigurationList = E8145E862B762E560032EEA1 /* Build configuration list for PBXProject "ToDoAppSwiftUI" */;
			compatibilityVersion = "Xcode 14.0";
			developmentRegion = en;
			hasScannedForEncodings = 0;
			knownRegions = (
				en,
				Base,
			);
			mainGroup = E8145E822B762E560032EEA1;
			productRefGroup = E8145E8C2B762E560032EEA1 /* Products */;
			projectDirPath = "";
			projectRoot = "";
			targets = (
				E8145E8A2B762E560032EEA1 /* ToDoAppSwiftUI */,
			);
		};
/* End PBXProject section */

/* Begin PBXResourcesBuildPhase section */
		E8145E892B762E560032EEA1 /* Resources */ = {
			isa = PBXResourcesBuildPhase;
			buildActionMask = 2147483647;
			files = (
				E8145E982B762E580032EEA1 /* Preview Assets.xcassets in Resources */,
				E8145E952B762E570032EEA1 /* Assets.xcassets in Resources */,
			);
			runOnlyForDeploymentPostprocessing = 0;
		};
/* End PBXResourcesBuildPhase section */

/* Begin PBXSourcesBuildPhase section */
		E8145E872B762E560032EEA1 /* Sources */ = {
			isa = PBXSourcesBuildPhase;
			buildActionMask = 2147483647;
			files = (
				E87492032B87E6AD00376D4C /* SortView.swift in Sources */,
				E8145EA52B7682ED0032EEA1 /* Int.swift in Sources */,
				E8145EA02B7630D80032EEA1 /* ListView.swift in Sources */,
				E87491FC2B86008A00376D4C /* DateFormatter.swift in Sources */,
				E87492092B88ABDB00376D4C /* Alignments.swift in Sources */,
				E874920B2B88AC5C00376D4C /* PriorityButtonView.swift in Sources */,
				E8145EB62B7B73800032EEA1 /* Enums.swift in Sources */,
				E87492012B87D94200376D4C /* SearchBarView.swift in Sources */,
				E8145EAA2B768CA50032EEA1 /* AddView.swift in Sources */,
				E8145EB22B7A3A860032EEA1 /* UIColor.swift in Sources */,
				E8145E932B762E560032EEA1 /* ItemModel.swift in Sources */,
				E8145E8F2B762E560032EEA1 /* ToDoAppSwiftUIApp.swift in Sources */,
				E8145EAF2B7A2D380032EEA1 /* NoItemsView.swift in Sources */,
				E8145EA22B7664910032EEA1 /* ListRowView.swift in Sources */,
				E87491FE2B8603FB00376D4C /* PriorityView.swift in Sources */,
			);
			runOnlyForDeploymentPostprocessing = 0;
		};
/* End PBXSourcesBuildPhase section */

/* Begin XCBuildConfiguration section */
		E8145E992B762E580032EEA1 /* Debug */ = {
			isa = XCBuildConfiguration;
			buildSettings = {
				ALWAYS_SEARCH_USER_PATHS = NO;
				ASSETCATALOG_COMPILER_GENERATE_SWIFT_ASSET_SYMBOL_EXTENSIONS = YES;
				CLANG_ANALYZER_NONNULL = YES;
				CLANG_ANALYZER_NUMBER_OBJECT_CONVERSION = YES_AGGRESSIVE;
				CLANG_CXX_LANGUAGE_STANDARD = "gnu++20";
				CLANG_ENABLE_MODULES = YES;
				CLANG_ENABLE_OBJC_ARC = YES;
				CLANG_ENABLE_OBJC_WEAK = YES;
				CLANG_WARN_BLOCK_CAPTURE_AUTORELEASING = YES;
				CLANG_WARN_BOOL_CONVERSION = YES;
				CLANG_WARN_COMMA = YES;
				CLANG_WARN_CONSTANT_CONVERSION = YES;
				CLANG_WARN_DEPRECATED_OBJC_IMPLEMENTATIONS = YES;
				CLANG_WARN_DIRECT_OBJC_ISA_USAGE = YES_ERROR;
				CLANG_WARN_DOCUMENTATION_COMMENTS = YES;
				CLANG_WARN_EMPTY_BODY = YES;
				CLANG_WARN_ENUM_CONVERSION = YES;
				CLANG_WARN_INFINITE_RECURSION = YES;
				CLANG_WARN_INT_CONVERSION = YES;
				CLANG_WARN_NON_LITERAL_NULL_CONVERSION = YES;
				CLANG_WARN_OBJC_IMPLICIT_RETAIN_SELF = YES;
				CLANG_WARN_OBJC_LITERAL_CONVERSION = YES;
				CLANG_WARN_OBJC_ROOT_CLASS = YES_ERROR;
				CLANG_WARN_QUOTED_INCLUDE_IN_FRAMEWORK_HEADER = YES;
				CLANG_WARN_RANGE_LOOP_ANALYSIS = YES;
				CLANG_WARN_STRICT_PROTOTYPES = YES;
				CLANG_WARN_SUSPICIOUS_MOVE = YES;
				CLANG_WARN_UNGUARDED_AVAILABILITY = YES_AGGRESSIVE;
				CLANG_WARN_UNREACHABLE_CODE = YES;
				CLANG_WARN__DUPLICATE_METHOD_MATCH = YES;
				COPY_PHASE_STRIP = NO;
				DEBUG_INFORMATION_FORMAT = dwarf;
				ENABLE_STRICT_OBJC_MSGSEND = YES;
				ENABLE_TESTABILITY = YES;
				ENABLE_USER_SCRIPT_SANDBOXING = YES;
				GCC_C_LANGUAGE_STANDARD = gnu17;
				GCC_DYNAMIC_NO_PIC = NO;
				GCC_NO_COMMON_BLOCKS = YES;
				GCC_OPTIMIZATION_LEVEL = 0;
				GCC_PREPROCESSOR_DEFINITIONS = (
					"DEBUG=1",
					"$(inherited)",
				);
				GCC_WARN_64_TO_32_BIT_CONVERSION = YES;
				GCC_WARN_ABOUT_RETURN_TYPE = YES_ERROR;
				GCC_WARN_UNDECLARED_SELECTOR = YES;
				GCC_WARN_UNINITIALIZED_AUTOS = YES_AGGRESSIVE;
				GCC_WARN_UNUSED_FUNCTION = YES;
				GCC_WARN_UNUSED_VARIABLE = YES;
				IPHONEOS_DEPLOYMENT_TARGET = 17.0;
				LOCALIZATION_PREFERS_STRING_CATALOGS = YES;
				MTL_ENABLE_DEBUG_INFO = INCLUDE_SOURCE;
				MTL_FAST_MATH = YES;
				ONLY_ACTIVE_ARCH = YES;
				SDKROOT = iphoneos;
				SWIFT_ACTIVE_COMPILATION_CONDITIONS = "DEBUG $(inherited)";
				SWIFT_OPTIMIZATION_LEVEL = "-Onone";
			};
			name = Debug;
		};
		E8145E9A2B762E580032EEA1 /* Release */ = {
			isa = XCBuildConfiguration;
			buildSettings = {
				ALWAYS_SEARCH_USER_PATHS = NO;
				ASSETCATALOG_COMPILER_GENERATE_SWIFT_ASSET_SYMBOL_EXTENSIONS = YES;
				CLANG_ANALYZER_NONNULL = YES;
				CLANG_ANALYZER_NUMBER_OBJECT_CONVERSION = YES_AGGRESSIVE;
				CLANG_CXX_LANGUAGE_STANDARD = "gnu++20";
				CLANG_ENABLE_MODULES = YES;
				CLANG_ENABLE_OBJC_ARC = YES;
				CLANG_ENABLE_OBJC_WEAK = YES;
				CLANG_WARN_BLOCK_CAPTURE_AUTORELEASING = YES;
				CLANG_WARN_BOOL_CONVERSION = YES;
				CLANG_WARN_COMMA = YES;
				CLANG_WARN_CONSTANT_CONVERSION = YES;
				CLANG_WARN_DEPRECATED_OBJC_IMPLEMENTATIONS = YES;
				CLANG_WARN_DIRECT_OBJC_ISA_USAGE = YES_ERROR;
				CLANG_WARN_DOCUMENTATION_COMMENTS = YES;
				CLANG_WARN_EMPTY_BODY = YES;
				CLANG_WARN_ENUM_CONVERSION = YES;
				CLANG_WARN_INFINITE_RECURSION = YES;
				CLANG_WARN_INT_CONVERSION = YES;
				CLANG_WARN_NON_LITERAL_NULL_CONVERSION = YES;
				CLANG_WARN_OBJC_IMPLICIT_RETAIN_SELF = YES;
				CLANG_WARN_OBJC_LITERAL_CONVERSION = YES;
				CLANG_WARN_OBJC_ROOT_CLASS = YES_ERROR;
				CLANG_WARN_QUOTED_INCLUDE_IN_FRAMEWORK_HEADER = YES;
				CLANG_WARN_RANGE_LOOP_ANALYSIS = YES;
				CLANG_WARN_STRICT_PROTOTYPES = YES;
				CLANG_WARN_SUSPICIOUS_MOVE = YES;
				CLANG_WARN_UNGUARDED_AVAILABILITY = YES_AGGRESSIVE;
				CLANG_WARN_UNREACHABLE_CODE = YES;
				CLANG_WARN__DUPLICATE_METHOD_MATCH = YES;
				COPY_PHASE_STRIP = NO;
				DEBUG_INFORMATION_FORMAT = "dwarf-with-dsym";
				ENABLE_NS_ASSERTIONS = NO;
				ENABLE_STRICT_OBJC_MSGSEND = YES;
				ENABLE_USER_SCRIPT_SANDBOXING = YES;
				GCC_C_LANGUAGE_STANDARD = gnu17;
				GCC_NO_COMMON_BLOCKS = YES;
				GCC_WARN_64_TO_32_BIT_CONVERSION = YES;
				GCC_WARN_ABOUT_RETURN_TYPE = YES_ERROR;
				GCC_WARN_UNDECLARED_SELECTOR = YES;
				GCC_WARN_UNINITIALIZED_AUTOS = YES_AGGRESSIVE;
				GCC_WARN_UNUSED_FUNCTION = YES;
				GCC_WARN_UNUSED_VARIABLE = YES;
				IPHONEOS_DEPLOYMENT_TARGET = 17.0;
				LOCALIZATION_PREFERS_STRING_CATALOGS = YES;
				MTL_ENABLE_DEBUG_INFO = NO;
				MTL_FAST_MATH = YES;
				SDKROOT = iphoneos;
				SWIFT_COMPILATION_MODE = wholemodule;
				VALIDATE_PRODUCT = YES;
			};
			name = Release;
		};
		E8145E9C2B762E580032EEA1 /* Debug */ = {
			isa = XCBuildConfiguration;
			buildSettings = {
				ASSETCATALOG_COMPILER_APPICON_NAME = AppIcon;
				ASSETCATALOG_COMPILER_GLOBAL_ACCENT_COLOR_NAME = AccentColor;
				CODE_SIGN_STYLE = Automatic;
				CURRENT_PROJECT_VERSION = 1;
				DEVELOPMENT_ASSET_PATHS = "\"ToDoAppSwiftUI/Preview Content\"";
				DEVELOPMENT_TEAM = LFZX9FGKB4;
				ENABLE_PREVIEWS = YES;
				GENERATE_INFOPLIST_FILE = YES;
				INFOPLIST_KEY_UIApplicationSceneManifest_Generation = YES;
				INFOPLIST_KEY_UIApplicationSupportsIndirectInputEvents = YES;
				INFOPLIST_KEY_UILaunchScreen_Generation = YES;
				INFOPLIST_KEY_UISupportedInterfaceOrientations_iPad = "UIInterfaceOrientationPortrait UIInterfaceOrientationPortraitUpsideDown UIInterfaceOrientationLandscapeLeft UIInterfaceOrientationLandscapeRight";
				INFOPLIST_KEY_UISupportedInterfaceOrientations_iPhone = "UIInterfaceOrientationPortrait UIInterfaceOrientationLandscapeLeft UIInterfaceOrientationLandscapeRight";
				LD_RUNPATH_SEARCH_PATHS = (
					"$(inherited)",
					"@executable_path/Frameworks",
				);
				MARKETING_VERSION = 1.0;
				PRODUCT_BUNDLE_IDENTIFIER = mineRala.ToDoAppSwiftUI;
				PRODUCT_NAME = "$(TARGET_NAME)";
				SWIFT_EMIT_LOC_STRINGS = YES;
				SWIFT_VERSION = 5.0;
				TARGETED_DEVICE_FAMILY = "1,2";
			};
			name = Debug;
		};
		E8145E9D2B762E580032EEA1 /* Release */ = {
			isa = XCBuildConfiguration;
			buildSettings = {
				ASSETCATALOG_COMPILER_APPICON_NAME = AppIcon;
				ASSETCATALOG_COMPILER_GLOBAL_ACCENT_COLOR_NAME = AccentColor;
				CODE_SIGN_STYLE = Automatic;
				CURRENT_PROJECT_VERSION = 1;
				DEVELOPMENT_ASSET_PATHS = "\"ToDoAppSwiftUI/Preview Content\"";
				DEVELOPMENT_TEAM = LFZX9FGKB4;
				ENABLE_PREVIEWS = YES;
				GENERATE_INFOPLIST_FILE = YES;
				INFOPLIST_KEY_UIApplicationSceneManifest_Generation = YES;
				INFOPLIST_KEY_UIApplicationSupportsIndirectInputEvents = YES;
				INFOPLIST_KEY_UILaunchScreen_Generation = YES;
				INFOPLIST_KEY_UISupportedInterfaceOrientations_iPad = "UIInterfaceOrientationPortrait UIInterfaceOrientationPortraitUpsideDown UIInterfaceOrientationLandscapeLeft UIInterfaceOrientationLandscapeRight";
				INFOPLIST_KEY_UISupportedInterfaceOrientations_iPhone = "UIInterfaceOrientationPortrait UIInterfaceOrientationLandscapeLeft UIInterfaceOrientationLandscapeRight";
				LD_RUNPATH_SEARCH_PATHS = (
					"$(inherited)",
					"@executable_path/Frameworks",
				);
				MARKETING_VERSION = 1.0;
				PRODUCT_BUNDLE_IDENTIFIER = mineRala.ToDoAppSwiftUI;
				PRODUCT_NAME = "$(TARGET_NAME)";
				SWIFT_EMIT_LOC_STRINGS = YES;
				SWIFT_VERSION = 5.0;
				TARGETED_DEVICE_FAMILY = "1,2";
			};
			name = Release;
		};
/* End XCBuildConfiguration section */

/* Begin XCConfigurationList section */
		E8145E862B762E560032EEA1 /* Build configuration list for PBXProject "ToDoAppSwiftUI" */ = {
			isa = XCConfigurationList;
			buildConfigurations = (
				E8145E992B762E580032EEA1 /* Debug */,
				E8145E9A2B762E580032EEA1 /* Release */,
			);
			defaultConfigurationIsVisible = 0;
			defaultConfigurationName = Release;
		};
		E8145E9B2B762E580032EEA1 /* Build configuration list for PBXNativeTarget "ToDoAppSwiftUI" */ = {
			isa = XCConfigurationList;
			buildConfigurations = (
				E8145E9C2B762E580032EEA1 /* Debug */,
				E8145E9D2B762E580032EEA1 /* Release */,
			);
			defaultConfigurationIsVisible = 0;
			defaultConfigurationName = Release;
		};
/* End XCConfigurationList section */
	};
	rootObject = E8145E832B762E560032EEA1 /* Project object */;
}
